
Microsoft Visual Studio Solution File, Format Version 12.00
# Visual Studio Version 16
VisualStudioVersion = 16.0.30804.86
MinimumVisualStudioVersion = 10.0.40219.1
Project("{FAE04EC0-301F-11D3-BF4B-00C04F79EFBC}") = "Walterlv.Demo.AllFonts", "Walterlv.Demo.AllFonts\Walterlv.Demo.AllFonts.csproj", "{D262E9EC-1097-40B4-B8F9-B1090AE056C6}"
EndProject
Global
	GlobalSection(SolutionConfigurationPlatforms) = preSolution
		Debug|Any CPU = Debug|Any CPU
		Release|Any CPU = Release|Any CPU
	EndGlobalSection
	GlobalSection(ProjectConfigurationPlatforms) = postSolution
		{D262E9EC-1097-40B4-B8F9-B1090AE056C6}.Debug|Any CPU.ActiveCfg = Debug|Any CPU
		{D262E9EC-1097-40B4-B8F9-B1090AE056C6}.Debug|Any CPU.Build.0 = Debug|Any CPU
		{D262E9EC-1097-40B4-B8F9-B1090AE056C6}.Release|Any CPU.ActiveCfg = Release|Any CPU
		{D262E9EC-1097-40B4-B8F9-B1090AE056C6}.Release|Any CPU.Build.0 = Release|Any CPU
	EndGlobalSection
	GlobalSection(SolutionProperties) = preSolution
		HideSolutionNode = FALSE
	EndGlobalSection
	GlobalSection(ExtensibilityGlobals) = postSolution
		SolutionGuid = {3460C0AE-2762-43E4-BE3F-DCE488D80136}
	EndGlobalSection
EndGlobal
